
Microsoft Visual Studio Solution File, Format Version 12.00
# Visual Studio Version 17
VisualStudioVersion = 17.10.35122.118
MinimumVisualStudioVersion = 10.0.40219.1
Project("{2150E333-8FDC-42A3-9474-1A3956D46DE8}") = "Shared", "Shared", "{C9DFA7CF-0AF8-4998-A9FC-9D728F49D897}"
EndProject
Project("{2150E333-8FDC-42A3-9474-1A3956D46DE8}") = "Src", "Src", "{EC6972E3-E8EE-4070-B170-6B1EFAD2657F}"
EndProject
Project("{2150E333-8FDC-42A3-9474-1A3956D46DE8}") = "Test", "Test", "{2F16E406-C156-468D-B5AE-914F330491C2}"
EndProject
Project("{2150E333-8FDC-42A3-9474-1A3956D46DE8}") = "Authentication", "Authentication", "{3638195B-31CA-46AB-BA79-A0D56F985843}"
EndProject
Project("{2150E333-8FDC-42A3-9474-1A3956D46DE8}") = "Configuration", "Configuration", "{D15A816D-F858-4D55-89E8-7F1CE7004D59}"
EndProject
Project("{9A19103F-16F7-4668-BE54-9A1E7A4F7556}") = "Authentication.API", "Authentication.API\Authentication.API.csproj", "{AF5DA5CB-CE2F-4C37-B976-3F960A9226CB}"
EndProject
Project("{9A19103F-16F7-4668-BE54-9A1E7A4F7556}") = "Configuration.API", "Configuration.API\Configuration.API.csproj", "{16E517A3-68B6-40DC-ABAA-D8EE13C24AF9}"
EndProject
Project("{9A19103F-16F7-4668-BE54-9A1E7A4F7556}") = "Authentication.Application", "Authentication.Application\Authentication.Application.csproj", "{BCF43388-FF82-48C6-9768-9A6297704E7A}"
EndProject
Project("{9A19103F-16F7-4668-BE54-9A1E7A4F7556}") = "Authentication.Domain", "Authentication.Domain\Authentication.Domain.csproj", "{83D307D5-BF6A-4190-A749-3801A77FA8A6}"
EndProject
Project("{9A19103F-16F7-4668-BE54-9A1E7A4F7556}") = "Authentication.Infrastructure", "Authentication.Infrastructure\Authentication.Infrastructure.csproj", "{8DC8313C-7FA6-41E9-97BA-81D7085E4EC1}"
EndProject
Project("{9A19103F-16F7-4668-BE54-9A1E7A4F7556}") = "Arc.Common", "Arc.Common\Arc.Common.csproj", "{33242247-EE98-4F1A-9035-8FB55F479BE1}"
EndProject
Project("{9A19103F-16F7-4668-BE54-9A1E7A4F7556}") = "Configuration.Application", "Configuration.Application\Configuration.Application.csproj", "{8FB97333-0B37-4BBD-9653-4A83DB408ED7}"
EndProject
Project("{9A19103F-16F7-4668-BE54-9A1E7A4F7556}") = "Configuration.Domain", "Configuration.Domain\Configuration.Domain.csproj", "{9861539A-C2CF-4EAC-AD8C-06B7C09BE716}"
EndProject
Project("{9A19103F-16F7-4668-BE54-9A1E7A4F7556}") = "Configuration.Infrastructure", "Configuration.Infrastructure\Configuration.Infrastructure.csproj", "{84B95FEA-EB0C-4AE0-A3C6-5D3E9A4F830B}"
EndProject
Project("{2150E333-8FDC-42A3-9474-1A3956D46DE8}") = "Gateway", "Gateway", "{46C5C207-B8D8-44AA-94E8-B44FFAA9ED7B}"
EndProject
Project("{9A19103F-16F7-4668-BE54-9A1E7A4F7556}") = "Arc.Gateway", "Arc.Gateway\Arc.Gateway.csproj", "{0E983A4F-5FAC-4AC6-B524-C02D1B15FB99}"
EndProject
Project("{2150E333-8FDC-42A3-9474-1A3956D46DE8}") = "VPM", "VPM", "{48F89866-2573-4426-AD22-86666472A320}"
EndProject
Project("{9A19103F-16F7-4668-BE54-9A1E7A4F7556}") = "VPM", "VPM\VPM.csproj", "{628ED8EF-5C5D-47FA-A45B-1396A4E885FF}"
EndProject
Project("{9A19103F-16F7-4668-BE54-9A1E7A4F7556}") = "VPM.Application", "VPM.Application\VPM.Application.csproj", "{85CB94EB-C881-4997-927D-2C0AE7E97F03}"
EndProject
Project("{9A19103F-16F7-4668-BE54-9A1E7A4F7556}") = "VPM.Domain", "VPM.Domain\VPM.Domain.csproj", "{02D674CF-6684-4684-BCC2-E66D4A8DBAAA}"
EndProject
Project("{9A19103F-16F7-4668-BE54-9A1E7A4F7556}") = "VPM.Infrastructure", "VPM.Infrastructure\VPM.Infrastructure.csproj", "{94D40125-C917-4F2F-9972-494E83579E12}"
EndProject
Project("{FAE04EC0-301F-11D3-BF4B-00C04F79EFBC}") = "ReverseProxy", "ReverseProxy\ReverseProxy.csproj", "{2FEE704D-F8DA-46F7-96B2-045B0C6DC717}"
EndProject
Global
	GlobalSection(SolutionConfigurationPlatforms) = preSolution
		Debug|Any CPU = Debug|Any CPU
		Debug|x64 = Debug|x64
		Release|Any CPU = Release|Any CPU
		Release|x64 = Release|x64
	EndGlobalSection
	GlobalSection(ProjectConfigurationPlatforms) = postSolution
		{AF5DA5CB-CE2F-4C37-B976-3F960A9226CB}.Debug|Any CPU.ActiveCfg = Debug|Any CPU
		{AF5DA5CB-CE2F-4C37-B976-3F960A9226CB}.Debug|Any CPU.Build.0 = Debug|Any CPU
		{AF5DA5CB-CE2F-4C37-B976-3F960A9226CB}.Debug|x64.ActiveCfg = Debug|Any CPU
		{AF5DA5CB-CE2F-4C37-B976-3F960A9226CB}.Debug|x64.Build.0 = Debug|Any CPU
		{AF5DA5CB-CE2F-4C37-B976-3F960A9226CB}.Release|Any CPU.ActiveCfg = Release|Any CPU
		{AF5DA5CB-CE2F-4C37-B976-3F960A9226CB}.Release|Any CPU.Build.0 = Release|Any CPU
		{AF5DA5CB-CE2F-4C37-B976-3F960A9226CB}.Release|x64.ActiveCfg = Release|Any CPU
		{AF5DA5CB-CE2F-4C37-B976-3F960A9226CB}.Release|x64.Build.0 = Release|Any CPU
		{16E517A3-68B6-40DC-ABAA-D8EE13C24AF9}.Debug|Any CPU.ActiveCfg = Debug|Any CPU
		{16E517A3-68B6-40DC-ABAA-D8EE13C24AF9}.Debug|Any CPU.Build.0 = Debug|Any CPU
		{16E517A3-68B6-40DC-ABAA-D8EE13C24AF9}.Debug|x64.ActiveCfg = Debug|Any CPU
		{16E517A3-68B6-40DC-ABAA-D8EE13C24AF9}.Debug|x64.Build.0 = Debug|Any CPU
		{16E517A3-68B6-40DC-ABAA-D8EE13C24AF9}.Release|Any CPU.ActiveCfg = Release|Any CPU
		{16E517A3-68B6-40DC-ABAA-D8EE13C24AF9}.Release|Any CPU.Build.0 = Release|Any CPU
		{16E517A3-68B6-40DC-ABAA-D8EE13C24AF9}.Release|x64.ActiveCfg = Release|Any CPU
		{16E517A3-68B6-40DC-ABAA-D8EE13C24AF9}.Release|x64.Build.0 = Release|Any CPU
		{BCF43388-FF82-48C6-9768-9A6297704E7A}.Debug|Any CPU.ActiveCfg = Debug|Any CPU
		{BCF43388-FF82-48C6-9768-9A6297704E7A}.Debug|Any CPU.Build.0 = Debug|Any CPU
		{BCF43388-FF82-48C6-9768-9A6297704E7A}.Debug|x64.ActiveCfg = Debug|Any CPU
		{BCF43388-FF82-48C6-9768-9A6297704E7A}.Debug|x64.Build.0 = Debug|Any CPU
		{BCF43388-FF82-48C6-9768-9A6297704E7A}.Release|Any CPU.ActiveCfg = Release|Any CPU
		{BCF43388-FF82-48C6-9768-9A6297704E7A}.Release|Any CPU.Build.0 = Release|Any CPU
		{BCF43388-FF82-48C6-9768-9A6297704E7A}.Release|x64.ActiveCfg = Release|Any CPU
		{BCF43388-FF82-48C6-9768-9A6297704E7A}.Release|x64.Build.0 = Release|Any CPU
		{83D307D5-BF6A-4190-A749-3801A77FA8A6}.Debug|Any CPU.ActiveCfg = Debug|Any CPU
		{83D307D5-BF6A-4190-A749-3801A77FA8A6}.Debug|Any CPU.Build.0 = Debug|Any CPU
		{83D307D5-BF6A-4190-A749-3801A77FA8A6}.Debug|x64.ActiveCfg = Debug|Any CPU
		{83D307D5-BF6A-4190-A749-3801A77FA8A6}.Debug|x64.Build.0 = Debug|Any CPU
		{83D307D5-BF6A-4190-A749-3801A77FA8A6}.Release|Any CPU.ActiveCfg = Release|Any CPU
		{83D307D5-BF6A-4190-A749-3801A77FA8A6}.Release|Any CPU.Build.0 = Release|Any CPU
		{83D307D5-BF6A-4190-A749-3801A77FA8A6}.Release|x64.ActiveCfg = Release|Any CPU
		{83D307D5-BF6A-4190-A749-3801A77FA8A6}.Release|x64.Build.0 = Release|Any CPU
		{8DC8313C-7FA6-41E9-97BA-81D7085E4EC1}.Debug|Any CPU.ActiveCfg = Debug|Any CPU
		{8DC8313C-7FA6-41E9-97BA-81D7085E4EC1}.Debug|Any CPU.Build.0 = Debug|Any CPU
		{8DC8313C-7FA6-41E9-97BA-81D7085E4EC1}.Debug|x64.ActiveCfg = Debug|Any CPU
		{8DC8313C-7FA6-41E9-97BA-81D7085E4EC1}.Debug|x64.Build.0 = Debug|Any CPU
		{8DC8313C-7FA6-41E9-97BA-81D7085E4EC1}.Release|Any CPU.ActiveCfg = Release|Any CPU
		{8DC8313C-7FA6-41E9-97BA-81D7085E4EC1}.Release|Any CPU.Build.0 = Release|Any CPU
		{8DC8313C-7FA6-41E9-97BA-81D7085E4EC1}.Release|x64.ActiveCfg = Release|Any CPU
		{8DC8313C-7FA6-41E9-97BA-81D7085E4EC1}.Release|x64.Build.0 = Release|Any CPU
		{33242247-EE98-4F1A-9035-8FB55F479BE1}.Debug|Any CPU.ActiveCfg = Debug|Any CPU
		{33242247-EE98-4F1A-9035-8FB55F479BE1}.Debug|Any CPU.Build.0 = Debug|Any CPU
		{33242247-EE98-4F1A-9035-8FB55F479BE1}.Debug|x64.ActiveCfg = Debug|Any CPU
		{33242247-EE98-4F1A-9035-8FB55F479BE1}.Debug|x64.Build.0 = Debug|Any CPU
		{33242247-EE98-4F1A-9035-8FB55F479BE1}.Release|Any CPU.ActiveCfg = Release|Any CPU
		{33242247-EE98-4F1A-9035-8FB55F479BE1}.Release|Any CPU.Build.0 = Release|Any CPU
		{33242247-EE98-4F1A-9035-8FB55F479BE1}.Release|x64.ActiveCfg = Release|Any CPU
		{33242247-EE98-4F1A-9035-8FB55F479BE1}.Release|x64.Build.0 = Release|Any CPU
		{8FB97333-0B37-4BBD-9653-4A83DB408ED7}.Debug|Any CPU.ActiveCfg = Debug|Any CPU
		{8FB97333-0B37-4BBD-9653-4A83DB408ED7}.Debug|Any CPU.Build.0 = Debug|Any CPU
		{8FB97333-0B37-4BBD-9653-4A83DB408ED7}.Debug|x64.ActiveCfg = Debug|Any CPU
		{8FB97333-0B37-4BBD-9653-4A83DB408ED7}.Debug|x64.Build.0 = Debug|Any CPU
		{8FB97333-0B37-4BBD-9653-4A83DB408ED7}.Release|Any CPU.ActiveCfg = Release|Any CPU
		{8FB97333-0B37-4BBD-9653-4A83DB408ED7}.Release|Any CPU.Build.0 = Release|Any CPU
		{8FB97333-0B37-4BBD-9653-4A83DB408ED7}.Release|x64.ActiveCfg = Release|Any CPU
		{8FB97333-0B37-4BBD-9653-4A83DB408ED7}.Release|x64.Build.0 = Release|Any CPU
		{9861539A-C2CF-4EAC-AD8C-06B7C09BE716}.Debug|Any CPU.ActiveCfg = Debug|Any CPU
		{9861539A-C2CF-4EAC-AD8C-06B7C09BE716}.Debug|Any CPU.Build.0 = Debug|Any CPU
		{9861539A-C2CF-4EAC-AD8C-06B7C09BE716}.Debug|x64.ActiveCfg = Debug|Any CPU
		{9861539A-C2CF-4EAC-AD8C-06B7C09BE716}.Debug|x64.Build.0 = Debug|Any CPU
		{9861539A-C2CF-4EAC-AD8C-06B7C09BE716}.Release|Any CPU.ActiveCfg = Release|Any CPU
		{9861539A-C2CF-4EAC-AD8C-06B7C09BE716}.Release|Any CPU.Build.0 = Release|Any CPU
		{9861539A-C2CF-4EAC-AD8C-06B7C09BE716}.Release|x64.ActiveCfg = Release|Any CPU
		{9861539A-C2CF-4EAC-AD8C-06B7C09BE716}.Release|x64.Build.0 = Release|Any CPU
		{84B95FEA-EB0C-4AE0-A3C6-5D3E9A4F830B}.Debug|Any CPU.ActiveCfg = Debug|Any CPU
		{84B95FEA-EB0C-4AE0-A3C6-5D3E9A4F830B}.Debug|Any CPU.Build.0 = Debug|Any CPU
		{84B95FEA-EB0C-4AE0-A3C6-5D3E9A4F830B}.Debug|x64.ActiveCfg = Debug|Any CPU
		{84B95FEA-EB0C-4AE0-A3C6-5D3E9A4F830B}.Debug|x64.Build.0 = Debug|Any CPU
		{84B95FEA-EB0C-4AE0-A3C6-5D3E9A4F830B}.Release|Any CPU.ActiveCfg = Release|Any CPU
		{84B95FEA-EB0C-4AE0-A3C6-5D3E9A4F830B}.Release|Any CPU.Build.0 = Release|Any CPU
		{84B95FEA-EB0C-4AE0-A3C6-5D3E9A4F830B}.Release|x64.ActiveCfg = Release|Any CPU
		{84B95FEA-EB0C-4AE0-A3C6-5D3E9A4F830B}.Release|x64.Build.0 = Release|Any CPU
		{0E983A4F-5FAC-4AC6-B524-C02D1B15FB99}.Debug|Any CPU.ActiveCfg = Debug|Any CPU
		{0E983A4F-5FAC-4AC6-B524-C02D1B15FB99}.Debug|Any CPU.Build.0 = Debug|Any CPU
		{0E983A4F-5FAC-4AC6-B524-C02D1B15FB99}.Debug|x64.ActiveCfg = Debug|Any CPU
		{0E983A4F-5FAC-4AC6-B524-C02D1B15FB99}.Debug|x64.Build.0 = Debug|Any CPU
		{0E983A4F-5FAC-4AC6-B524-C02D1B15FB99}.Release|Any CPU.ActiveCfg = Release|Any CPU
		{0E983A4F-5FAC-4AC6-B524-C02D1B15FB99}.Release|Any CPU.Build.0 = Release|Any CPU
		{0E983A4F-5FAC-4AC6-B524-C02D1B15FB99}.Release|x64.ActiveCfg = Release|Any CPU
		{0E983A4F-5FAC-4AC6-B524-C02D1B15FB99}.Release|x64.Build.0 = Release|Any CPU
		{628ED8EF-5C5D-47FA-A45B-1396A4E885FF}.Debug|Any CPU.ActiveCfg = Debug|Any CPU
		{628ED8EF-5C5D-47FA-A45B-1396A4E885FF}.Debug|Any CPU.Build.0 = Debug|Any CPU
		{628ED8EF-5C5D-47FA-A45B-1396A4E885FF}.Debug|x64.ActiveCfg = Debug|x64
		{628ED8EF-5C5D-47FA-A45B-1396A4E885FF}.Debug|x64.Build.0 = Debug|x64
		{628ED8EF-5C5D-47FA-A45B-1396A4E885FF}.Release|Any CPU.ActiveCfg = Release|Any CPU
		{628ED8EF-5C5D-47FA-A45B-1396A4E885FF}.Release|Any CPU.Build.0 = Release|Any CPU
		{628ED8EF-5C5D-47FA-A45B-1396A4E885FF}.Release|x64.ActiveCfg = Release|x64
		{628ED8EF-5C5D-47FA-A45B-1396A4E885FF}.Release|x64.Build.0 = Release|x64
		{85CB94EB-C881-4997-927D-2C0AE7E97F03}.Debug|Any CPU.ActiveCfg = Debug|Any CPU
		{85CB94EB-C881-4997-927D-2C0AE7E97F03}.Debug|Any CPU.Build.0 = Debug|Any CPU
		{85CB94EB-C881-4997-927D-2C0AE7E97F03}.Debug|x64.ActiveCfg = Debug|Any CPU
		{85CB94EB-C881-4997-927D-2C0AE7E97F03}.Debug|x64.Build.0 = Debug|Any CPU
		{85CB94EB-C881-4997-927D-2C0AE7E97F03}.Release|Any CPU.ActiveCfg = Release|Any CPU
		{85CB94EB-C881-4997-927D-2C0AE7E97F03}.Release|Any CPU.Build.0 = Release|Any CPU
		{85CB94EB-C881-4997-927D-2C0AE7E97F03}.Release|x64.ActiveCfg = Release|Any CPU
		{85CB94EB-C881-4997-927D-2C0AE7E97F03}.Release|x64.Build.0 = Release|Any CPU
		{02D674CF-6684-4684-BCC2-E66D4A8DBAAA}.Debug|Any CPU.ActiveCfg = Debug|Any CPU
		{02D674CF-6684-4684-BCC2-E66D4A8DBAAA}.Debug|Any CPU.Build.0 = Debug|Any CPU
		{02D674CF-6684-4684-BCC2-E66D4A8DBAAA}.Debug|x64.ActiveCfg = Debug|Any CPU
		{02D674CF-6684-4684-BCC2-E66D4A8DBAAA}.Debug|x64.Build.0 = Debug|Any CPU
		{02D674CF-6684-4684-BCC2-E66D4A8DBAAA}.Release|Any CPU.ActiveCfg = Release|Any CPU
		{02D674CF-6684-4684-BCC2-E66D4A8DBAAA}.Release|Any CPU.Build.0 = Release|Any CPU
		{02D674CF-6684-4684-BCC2-E66D4A8DBAAA}.Release|x64.ActiveCfg = Release|Any CPU
		{02D674CF-6684-4684-BCC2-E66D4A8DBAAA}.Release|x64.Build.0 = Release|Any CPU
		{94D40125-C917-4F2F-9972-494E83579E12}.Debug|Any CPU.ActiveCfg = Debug|Any CPU
		{94D40125-C917-4F2F-9972-494E83579E12}.Debug|Any CPU.Build.0 = Debug|Any CPU
		{94D40125-C917-4F2F-9972-494E83579E12}.Debug|x64.ActiveCfg = Debug|Any CPU
		{94D40125-C917-4F2F-9972-494E83579E12}.Debug|x64.Build.0 = Debug|Any CPU
		{94D40125-C917-4F2F-9972-494E83579E12}.Release|Any CPU.ActiveCfg = Release|Any CPU
		{94D40125-C917-4F2F-9972-494E83579E12}.Release|Any CPU.Build.0 = Release|Any CPU
		{94D40125-C917-4F2F-9972-494E83579E12}.Release|x64.ActiveCfg = Release|Any CPU
		{94D40125-C917-4F2F-9972-494E83579E12}.Release|x64.Build.0 = Release|Any CPU
		{2FEE704D-F8DA-46F7-96B2-045B0C6DC717}.Debug|Any CPU.ActiveCfg = Debug|Any CPU
		{2FEE704D-F8DA-46F7-96B2-045B0C6DC717}.Debug|Any CPU.Build.0 = Debug|Any CPU
		{2FEE704D-F8DA-46F7-96B2-045B0C6DC717}.Debug|x64.ActiveCfg = Debug|Any CPU
		{2FEE704D-F8DA-46F7-96B2-045B0C6DC717}.Debug|x64.Build.0 = Debug|Any CPU
		{2FEE704D-F8DA-46F7-96B2-045B0C6DC717}.Release|Any CPU.ActiveCfg = Release|Any CPU
		{2FEE704D-F8DA-46F7-96B2-045B0C6DC717}.Release|Any CPU.Build.0 = Release|Any CPU
		{2FEE704D-F8DA-46F7-96B2-045B0C6DC717}.Release|x64.ActiveCfg = Release|Any CPU
		{2FEE704D-F8DA-46F7-96B2-045B0C6DC717}.Release|x64.Build.0 = Release|Any CPU
	EndGlobalSection
	GlobalSection(SolutionProperties) = preSolution
		HideSolutionNode = FALSE
	EndGlobalSection
	GlobalSection(NestedProjects) = preSolution
		{3638195B-31CA-46AB-BA79-A0D56F985843} = {EC6972E3-E8EE-4070-B170-6B1EFAD2657F}
		{D15A816D-F858-4D55-89E8-7F1CE7004D59} = {EC6972E3-E8EE-4070-B170-6B1EFAD2657F}
		{AF5DA5CB-CE2F-4C37-B976-3F960A9226CB} = {3638195B-31CA-46AB-BA79-A0D56F985843}
		{16E517A3-68B6-40DC-ABAA-D8EE13C24AF9} = {D15A816D-F858-4D55-89E8-7F1CE7004D59}
		{BCF43388-FF82-48C6-9768-9A6297704E7A} = {3638195B-31CA-46AB-BA79-A0D56F985843}
		{83D307D5-BF6A-4190-A749-3801A77FA8A6} = {3638195B-31CA-46AB-BA79-A0D56F985843}
		{8DC8313C-7FA6-41E9-97BA-81D7085E4EC1} = {3638195B-31CA-46AB-BA79-A0D56F985843}
		{33242247-EE98-4F1A-9035-8FB55F479BE1} = {C9DFA7CF-0AF8-4998-A9FC-9D728F49D897}
		{8FB97333-0B37-4BBD-9653-4A83DB408ED7} = {D15A816D-F858-4D55-89E8-7F1CE7004D59}
		{9861539A-C2CF-4EAC-AD8C-06B7C09BE716} = {D15A816D-F858-4D55-89E8-7F1CE7004D59}
		{84B95FEA-EB0C-4AE0-A3C6-5D3E9A4F830B} = {D15A816D-F858-4D55-89E8-7F1CE7004D59}
		{46C5C207-B8D8-44AA-94E8-B44FFAA9ED7B} = {EC6972E3-E8EE-4070-B170-6B1EFAD2657F}
		{0E983A4F-5FAC-4AC6-B524-C02D1B15FB99} = {46C5C207-B8D8-44AA-94E8-B44FFAA9ED7B}
		{48F89866-2573-4426-AD22-86666472A320} = {EC6972E3-E8EE-4070-B170-6B1EFAD2657F}
		{628ED8EF-5C5D-47FA-A45B-1396A4E885FF} = {48F89866-2573-4426-AD22-86666472A320}
		{85CB94EB-C881-4997-927D-2C0AE7E97F03} = {48F89866-2573-4426-AD22-86666472A320}
		{02D674CF-6684-4684-BCC2-E66D4A8DBAAA} = {48F89866-2573-4426-AD22-86666472A320}
		{94D40125-C917-4F2F-9972-494E83579E12} = {48F89866-2573-4426-AD22-86666472A320}
	EndGlobalSection
	GlobalSection(ExtensibilityGlobals) = postSolution
		SolutionGuid = {FE4B7CCA-2101-4E90-BFA0-6269A0684AA9}
	EndGlobalSection
EndGlobal
